
Microsoft Visual Studio Solution File, Format Version 12.00
# Visual Studio Version 17
VisualStudioVersion = 17.0.32112.339
MinimumVisualStudioVersion = 10.0.40219.1
Project("{FAE04EC0-301F-11D3-BF4B-00C04F79EFBC}") = "MyNotes.WebApp", "MyNotes.WebApp\MyNotes.WebApp.csproj", "{27FDD3F2-2E0B-4108-A98B-C9A875563F8E}"
EndProject
Project("{FAE04EC0-301F-11D3-BF4B-00C04F79EFBC}") = "MyNotes.BusinessLayer", "MyNotes.BusinessLayer\MyNotes.BusinessLayer.csproj", "{4B5CA4FD-CEF8-4EB7-B99F-7D2A7995277A}"
EndProject
Project("{FAE04EC0-301F-11D3-BF4B-00C04F79EFBC}") = "MyNotes.DataAccessLayer", "MyNotes.DataAccessLayer\MyNotes.DataAccessLayer.csproj", "{36FB5E4F-E452-4AC9-9E36-F60D5F2FCB1B}"
EndProject
Project("{FAE04EC0-301F-11D3-BF4B-00C04F79EFBC}") = "MyNotes.EntityLayer", "MyNotes.EntityLayer\MyNotes.EntityLayer.csproj", "{6DA15866-92CE-4F91-946F-696FFE825D04}"
EndProject
Project("{FAE04EC0-301F-11D3-BF4B-00C04F79EFBC}") = "MyNotes.WebMVC", "MyNotes.WebMVC\MyNotes.WebMVC.csproj", "{1B134EA5-9679-4429-8161-07E0775E107D}"
EndProject
Global
	GlobalSection(SolutionConfigurationPlatforms) = preSolution
		Debug|Any CPU = Debug|Any CPU
		Release|Any CPU = Release|Any CPU
	EndGlobalSection
	GlobalSection(ProjectConfigurationPlatforms) = postSolution
		{27FDD3F2-2E0B-4108-A98B-C9A875563F8E}.Debug|Any CPU.ActiveCfg = Debug|Any CPU
		{27FDD3F2-2E0B-4108-A98B-C9A875563F8E}.Debug|Any CPU.Build.0 = Debug|Any CPU
		{27FDD3F2-2E0B-4108-A98B-C9A875563F8E}.Release|Any CPU.ActiveCfg = Release|Any CPU
		{27FDD3F2-2E0B-4108-A98B-C9A875563F8E}.Release|Any CPU.Build.0 = Release|Any CPU
		{4B5CA4FD-CEF8-4EB7-B99F-7D2A7995277A}.Debug|Any CPU.ActiveCfg = Debug|Any CPU
		{4B5CA4FD-CEF8-4EB7-B99F-7D2A7995277A}.Debug|Any CPU.Build.0 = Debug|Any CPU
		{4B5CA4FD-CEF8-4EB7-B99F-7D2A7995277A}.Release|Any CPU.ActiveCfg = Release|Any CPU
		{4B5CA4FD-CEF8-4EB7-B99F-7D2A7995277A}.Release|Any CPU.Build.0 = Release|Any CPU
		{36FB5E4F-E452-4AC9-9E36-F60D5F2FCB1B}.Debug|Any CPU.ActiveCfg = Debug|Any CPU
		{36FB5E4F-E452-4AC9-9E36-F60D5F2FCB1B}.Debug|Any CPU.Build.0 = Debug|Any CPU
		{36FB5E4F-E452-4AC9-9E36-F60D5F2FCB1B}.Release|Any CPU.ActiveCfg = Release|Any CPU
		{36FB5E4F-E452-4AC9-9E36-F60D5F2FCB1B}.Release|Any CPU.Build.0 = Release|Any CPU
		{6DA15866-92CE-4F91-946F-696FFE825D04}.Debug|Any CPU.ActiveCfg = Debug|Any CPU
		{6DA15866-92CE-4F91-946F-696FFE825D04}.Debug|Any CPU.Build.0 = Debug|Any CPU
		{6DA15866-92CE-4F91-946F-696FFE825D04}.Release|Any CPU.ActiveCfg = Release|Any CPU
		{6DA15866-92CE-4F91-946F-696FFE825D04}.Release|Any CPU.Build.0 = Release|Any CPU
		{1B134EA5-9679-4429-8161-07E0775E107D}.Debug|Any CPU.ActiveCfg = Debug|Any CPU
		{1B134EA5-9679-4429-8161-07E0775E107D}.Debug|Any CPU.Build.0 = Debug|Any CPU
		{1B134EA5-9679-4429-8161-07E0775E107D}.Release|Any CPU.ActiveCfg = Release|Any CPU
		{1B134EA5-9679-4429-8161-07E0775E107D}.Release|Any CPU.Build.0 = Release|Any CPU
	EndGlobalSection
	GlobalSection(SolutionProperties) = preSolution
		HideSolutionNode = FALSE
	EndGlobalSection
	GlobalSection(ExtensibilityGlobals) = postSolution
		SolutionGuid = {75EF3E36-B9FA-45CF-AB6F-1E64304CE42D}
	EndGlobalSection
EndGlobal
